
Microsoft Visual Studio Solution File, Format Version 12.00
# Visual Studio Version 17
VisualStudioVersion = 17.14.36408.4 d17.14
MinimumVisualStudioVersion = 10.0.40219.1
Project("{FAE04EC0-301F-11D3-BF4B-00C04F79EFBC}") = "dotnetcore-cryptoarbitrage", "dotnetcore-cryptoarbitrage.csproj", "{5EA58532-1EB7-492F-B9AE-78B40F1E9816}"
EndProject
Global
	GlobalSection(SolutionConfigurationPlatforms) = preSolution
		Debug|Any CPU = Debug|Any CPU
		Release|Any CPU = Release|Any CPU
	EndGlobalSection
	GlobalSection(ProjectConfigurationPlatforms) = postSolution
		{5EA58532-1EB7-492F-B9AE-78B40F1E9816}.Debug|Any CPU.ActiveCfg = Debug|Any CPU
		{5EA58532-1EB7-492F-B9AE-78B40F1E9816}.Debug|Any CPU.Build.0 = Debug|Any CPU
		{5EA58532-1EB7-492F-B9AE-78B40F1E9816}.Release|Any CPU.ActiveCfg = Release|Any CPU
		{5EA58532-1EB7-492F-B9AE-78B40F1E9816}.Release|Any CPU.Build.0 = Release|Any CPU
	EndGlobalSection
	GlobalSection(SolutionProperties) = preSolution
		HideSolutionNode = FALSE
	EndGlobalSection
	GlobalSection(ExtensibilityGlobals) = postSolution
		SolutionGuid = {4929E007-1A7D-4031-8498-A6E51A038B24}
	EndGlobalSection
EndGlobal
